
Microsoft Visual Studio Solution File, Format Version 12.00
# Visual Studio 15
VisualStudioVersion = 15.0.28307.329
MinimumVisualStudioVersion = 10.0.40219.1
Project("{FAE04EC0-301F-11D3-BF4B-00C04F79EFBC}") = "MuslimCompanion.Android", "MuslimCompanion\MuslimCompanion.Android\MuslimCompanion.Android.csproj", "{333D1759-E987-4CD3-9088-B8AE600C3978}"
EndProject
Project("{FAE04EC0-301F-11D3-BF4B-00C04F79EFBC}") = "MuslimCompanion.iOS", "MuslimCompanion\MuslimCompanion.iOS\MuslimCompanion.iOS.csproj", "{F65F9AC0-0E4D-42F1-9305-0AABFE80E610}"
EndProject
Project("{FAE04EC0-301F-11D3-BF4B-00C04F79EFBC}") = "MuslimCompanion", "MuslimCompanion\MuslimCompanion\MuslimCompanion.csproj", "{3B688B0E-FFC6-44E4-B24A-33CD180CFD52}"
EndProject
Global
	GlobalSection(SolutionConfigurationPlatforms) = preSolution
		Ad-Hoc|Any CPU = Ad-Hoc|Any CPU
		Ad-Hoc|iPhone = Ad-Hoc|iPhone
		Ad-Hoc|iPhoneSimulator = Ad-Hoc|iPhoneSimulator
		AppStore|Any CPU = AppStore|Any CPU
		AppStore|iPhone = AppStore|iPhone
		AppStore|iPhoneSimulator = AppStore|iPhoneSimulator
		Debug|Any CPU = Debug|Any CPU
		Debug|iPhone = Debug|iPhone
		Debug|iPhoneSimulator = Debug|iPhoneSimulator
		Release|Any CPU = Release|Any CPU
		Release|iPhone = Release|iPhone
		Release|iPhoneSimulator = Release|iPhoneSimulator
	EndGlobalSection
	GlobalSection(ProjectConfigurationPlatforms) = postSolution
		{333D1759-E987-4CD3-9088-B8AE600C3978}.Ad-Hoc|Any CPU.ActiveCfg = Release|Any CPU
		{333D1759-E987-4CD3-9088-B8AE600C3978}.Ad-Hoc|Any CPU.Build.0 = Release|Any CPU
		{333D1759-E987-4CD3-9088-B8AE600C3978}.Ad-Hoc|Any CPU.Deploy.0 = Release|Any CPU
		{333D1759-E987-4CD3-9088-B8AE600C3978}.Ad-Hoc|iPhone.ActiveCfg = Release|Any CPU
		{333D1759-E987-4CD3-9088-B8AE600C3978}.Ad-Hoc|iPhone.Build.0 = Release|Any CPU
		{333D1759-E987-4CD3-9088-B8AE600C3978}.Ad-Hoc|iPhone.Deploy.0 = Release|Any CPU
		{333D1759-E987-4CD3-9088-B8AE600C3978}.Ad-Hoc|iPhoneSimulator.ActiveCfg = Release|Any CPU
		{333D1759-E987-4CD3-9088-B8AE600C3978}.Ad-Hoc|iPhoneSimulator.Build.0 = Release|Any CPU
		{333D1759-E987-4CD3-9088-B8AE600C3978}.Ad-Hoc|iPhoneSimulator.Deploy.0 = Release|Any CPU
		{333D1759-E987-4CD3-9088-B8AE600C3978}.AppStore|Any CPU.ActiveCfg = Release|Any CPU
		{333D1759-E987-4CD3-9088-B8AE600C3978}.AppStore|Any CPU.Build.0 = Release|Any CPU
		{333D1759-E987-4CD3-9088-B8AE600C3978}.AppStore|Any CPU.Deploy.0 = Release|Any CPU
		{333D1759-E987-4CD3-9088-B8AE600C3978}.AppStore|iPhone.ActiveCfg = Release|Any CPU
		{333D1759-E987-4CD3-9088-B8AE600C3978}.AppStore|iPhone.Build.0 = Release|Any CPU
		{333D1759-E987-4CD3-9088-B8AE600C3978}.AppStore|iPhone.Deploy.0 = Release|Any CPU
		{333D1759-E987-4CD3-9088-B8AE600C3978}.AppStore|iPhoneSimulator.ActiveCfg = Release|Any CPU
		{333D1759-E987-4CD3-9088-B8AE600C3978}.AppStore|iPhoneSimulator.Build.0 = Release|Any CPU
		{333D1759-E987-4CD3-9088-B8AE600C3978}.AppStore|iPhoneSimulator.Deploy.0 = Release|Any CPU
		{333D1759-E987-4CD3-9088-B8AE600C3978}.Debug|Any CPU.ActiveCfg = Debug|Any CPU
		{333D1759-E987-4CD3-9088-B8AE600C3978}.Debug|Any CPU.Build.0 = Debug|Any CPU
		{333D1759-E987-4CD3-9088-B8AE600C3978}.Debug|Any CPU.Deploy.0 = Debug|Any CPU
		{333D1759-E987-4CD3-9088-B8AE600C3978}.Debug|iPhone.ActiveCfg = Debug|Any CPU
		{333D1759-E987-4CD3-9088-B8AE600C3978}.Debug|iPhone.Build.0 = Debug|Any CPU
		{333D1759-E987-4CD3-9088-B8AE600C3978}.Debug|iPhone.Deploy.0 = Debug|Any CPU
		{333D1759-E987-4CD3-9088-B8AE600C3978}.Debug|iPhoneSimulator.ActiveCfg = Debug|Any CPU
		{333D1759-E987-4CD3-9088-B8AE600C3978}.Debug|iPhoneSimulator.Build.0 = Debug|Any CPU
		{333D1759-E987-4CD3-9088-B8AE600C3978}.Debug|iPhoneSimulator.Deploy.0 = Debug|Any CPU
		{333D1759-E987-4CD3-9088-B8AE600C3978}.Release|Any CPU.ActiveCfg = Release|Any CPU
		{333D1759-E987-4CD3-9088-B8AE600C3978}.Release|Any CPU.Build.0 = Release|Any CPU
		{333D1759-E987-4CD3-9088-B8AE600C3978}.Release|Any CPU.Deploy.0 = Release|Any CPU
		{333D1759-E987-4CD3-9088-B8AE600C3978}.Release|iPhone.ActiveCfg = Release|Any CPU
		{333D1759-E987-4CD3-9088-B8AE600C3978}.Release|iPhone.Build.0 = Release|Any CPU
		{333D1759-E987-4CD3-9088-B8AE600C3978}.Release|iPhone.Deploy.0 = Release|Any CPU
		{333D1759-E987-4CD3-9088-B8AE600C3978}.Release|iPhoneSimulator.ActiveCfg = Release|Any CPU
		{333D1759-E987-4CD3-9088-B8AE600C3978}.Release|iPhoneSimulator.Build.0 = Release|Any CPU
		{333D1759-E987-4CD3-9088-B8AE600C3978}.Release|iPhoneSimulator.Deploy.0 = Release|Any CPU
		{F65F9AC0-0E4D-42F1-9305-0AABFE80E610}.Ad-Hoc|Any CPU.ActiveCfg = Ad-Hoc|iPhone
		{F65F9AC0-0E4D-42F1-9305-0AABFE80E610}.Ad-Hoc|Any CPU.Build.0 = Ad-Hoc|iPhone
		{F65F9AC0-0E4D-42F1-9305-0AABFE80E610}.Ad-Hoc|Any CPU.Deploy.0 = Ad-Hoc|iPhone
		{F65F9AC0-0E4D-42F1-9305-0AABFE80E610}.Ad-Hoc|iPhone.ActiveCfg = Ad-Hoc|iPhone
		{F65F9AC0-0E4D-42F1-9305-0AABFE80E610}.Ad-Hoc|iPhone.Build.0 = Ad-Hoc|iPhone
		{F65F9AC0-0E4D-42F1-9305-0AABFE80E610}.Ad-Hoc|iPhone.Deploy.0 = Ad-Hoc|iPhone
		{F65F9AC0-0E4D-42F1-9305-0AABFE80E610}.Ad-Hoc|iPhoneSimulator.ActiveCfg = Ad-Hoc|iPhoneSimulator
		{F65F9AC0-0E4D-42F1-9305-0AABFE80E610}.Ad-Hoc|iPhoneSimulator.Build.0 = Ad-Hoc|iPhoneSimulator
		{F65F9AC0-0E4D-42F1-9305-0AABFE80E610}.Ad-Hoc|iPhoneSimulator.Deploy.0 = Ad-Hoc|iPhoneSimulator
		{F65F9AC0-0E4D-42F1-9305-0AABFE80E610}.AppStore|Any CPU.ActiveCfg = AppStore|iPhone
		{F65F9AC0-0E4D-42F1-9305-0AABFE80E610}.AppStore|Any CPU.Build.0 = AppStore|iPhone
		{F65F9AC0-0E4D-42F1-9305-0AABFE80E610}.AppStore|Any CPU.Deploy.0 = AppStore|iPhone
		{F65F9AC0-0E4D-42F1-9305-0AABFE80E610}.AppStore|iPhone.ActiveCfg = AppStore|iPhone
		{F65F9AC0-0E4D-42F1-9305-0AABFE80E610}.AppStore|iPhone.Build.0 = AppStore|iPhone
		{F65F9AC0-0E4D-42F1-9305-0AABFE80E610}.AppStore|iPhone.Deploy.0 = AppStore|iPhone
		{F65F9AC0-0E4D-42F1-9305-0AABFE80E610}.AppStore|iPhoneSimulator.ActiveCfg = AppStore|iPhoneSimulator
		{F65F9AC0-0E4D-42F1-9305-0AABFE80E610}.AppStore|iPhoneSimulator.Build.0 = AppStore|iPhoneSimulator
		{F65F9AC0-0E4D-42F1-9305-0AABFE80E610}.AppStore|iPhoneSimulator.Deploy.0 = AppStore|iPhoneSimulator
		{F65F9AC0-0E4D-42F1-9305-0AABFE80E610}.Debug|Any CPU.ActiveCfg = Debug|iPhoneSimulator
		{F65F9AC0-0E4D-42F1-9305-0AABFE80E610}.Debug|Any CPU.Build.0 = Debug|iPhoneSimulator
		{F65F9AC0-0E4D-42F1-9305-0AABFE80E610}.Debug|Any CPU.Deploy.0 = Debug|iPhoneSimulator
		{F65F9AC0-0E4D-42F1-9305-0AABFE80E610}.Debug|iPhone.ActiveCfg = Debug|iPhone
		{F65F9AC0-0E4D-42F1-9305-0AABFE80E610}.Debug|iPhone.Build.0 = Debug|iPhone
		{F65F9AC0-0E4D-42F1-9305-0AABFE80E610}.Debug|iPhone.Deploy.0 = Debug|iPhone
		{F65F9AC0-0E4D-42F1-9305-0AABFE80E610}.Debug|iPhoneSimulator.ActiveCfg = Debug|iPhoneSimulator
		{F65F9AC0-0E4D-42F1-9305-0AABFE80E610}.Debug|iPhoneSimulator.Build.0 = Debug|iPhoneSimulator
		{F65F9AC0-0E4D-42F1-9305-0AABFE80E610}.Debug|iPhoneSimulator.Deploy.0 = Debug|iPhoneSimulator
		{F65F9AC0-0E4D-42F1-9305-0AABFE80E610}.Release|Any CPU.ActiveCfg = Release|iPhone
		{F65F9AC0-0E4D-42F1-9305-0AABFE80E610}.Release|Any CPU.Build.0 = Release|iPhone
		{F65F9AC0-0E4D-42F1-9305-0AABFE80E610}.Release|Any CPU.Deploy.0 = Release|iPhone
		{F65F9AC0-0E4D-42F1-9305-0AABFE80E610}.Release|iPhone.ActiveCfg = Release|iPhone
		{F65F9AC0-0E4D-42F1-9305-0AABFE80E610}.Release|iPhone.Build.0 = Release|iPhone
		{F65F9AC0-0E4D-42F1-9305-0AABFE80E610}.Release|iPhone.Deploy.0 = Release|iPhone
		{F65F9AC0-0E4D-42F1-9305-0AABFE80E610}.Release|iPhoneSimulator.ActiveCfg = Release|iPhoneSimulator
		{F65F9AC0-0E4D-42F1-9305-0AABFE80E610}.Release|iPhoneSimulator.Build.0 = Release|iPhoneSimulator
		{F65F9AC0-0E4D-42F1-9305-0AABFE80E610}.Release|iPhoneSimulator.Deploy.0 = Release|iPhoneSimulator
		{3B688B0E-FFC6-44E4-B24A-33CD180CFD52}.Ad-Hoc|Any CPU.ActiveCfg = Debug|Any CPU
		{3B688B0E-FFC6-44E4-B24A-33CD180CFD52}.Ad-Hoc|Any CPU.Build.0 = Debug|Any CPU
		{3B688B0E-FFC6-44E4-B24A-33CD180CFD52}.Ad-Hoc|Any CPU.Deploy.0 = Debug|Any CPU
		{3B688B0E-FFC6-44E4-B24A-33CD180CFD52}.Ad-Hoc|iPhone.ActiveCfg = Debug|Any CPU
		{3B688B0E-FFC6-44E4-B24A-33CD180CFD52}.Ad-Hoc|iPhone.Build.0 = Debug|Any CPU
		{3B688B0E-FFC6-44E4-B24A-33CD180CFD52}.Ad-Hoc|iPhone.Deploy.0 = Debug|Any CPU
		{3B688B0E-FFC6-44E4-B24A-33CD180CFD52}.Ad-Hoc|iPhoneSimulator.ActiveCfg = Debug|Any CPU
		{3B688B0E-FFC6-44E4-B24A-33CD180CFD52}.Ad-Hoc|iPhoneSimulator.Build.0 = Debug|Any CPU
		{3B688B0E-FFC6-44E4-B24A-33CD180CFD52}.Ad-Hoc|iPhoneSimulator.Deploy.0 = Debug|Any CPU
		{3B688B0E-FFC6-44E4-B24A-33CD180CFD52}.AppStore|Any CPU.ActiveCfg = Debug|Any CPU
		{3B688B0E-FFC6-44E4-B24A-33CD180CFD52}.AppStore|Any CPU.Build.0 = Debug|Any CPU
		{3B688B0E-FFC6-44E4-B24A-33CD180CFD52}.AppStore|Any CPU.Deploy.0 = Debug|Any CPU
		{3B688B0E-FFC6-44E4-B24A-33CD180CFD52}.AppStore|iPhone.ActiveCfg = Debug|Any CPU
		{3B688B0E-FFC6-44E4-B24A-33CD180CFD52}.AppStore|iPhone.Build.0 = Debug|Any CPU
		{3B688B0E-FFC6-44E4-B24A-33CD180CFD52}.AppStore|iPhone.Deploy.0 = Debug|Any CPU
		{3B688B0E-FFC6-44E4-B24A-33CD180CFD52}.AppStore|iPhoneSimulator.ActiveCfg = Debug|Any CPU
		{3B688B0E-FFC6-44E4-B24A-33CD180CFD52}.AppStore|iPhoneSimulator.Build.0 = Debug|Any CPU
		{3B688B0E-FFC6-44E4-B24A-33CD180CFD52}.AppStore|iPhoneSimulator.Deploy.0 = Debug|Any CPU
		{3B688B0E-FFC6-44E4-B24A-33CD180CFD52}.Debug|Any CPU.ActiveCfg = Debug|Any CPU
		{3B688B0E-FFC6-44E4-B24A-33CD180CFD52}.Debug|Any CPU.Build.0 = Debug|Any CPU
		{3B688B0E-FFC6-44E4-B24A-33CD180CFD52}.Debug|Any CPU.Deploy.0 = Debug|Any CPU
		{3B688B0E-FFC6-44E4-B24A-33CD180CFD52}.Debug|iPhone.ActiveCfg = Debug|Any CPU
		{3B688B0E-FFC6-44E4-B24A-33CD180CFD52}.Debug|iPhone.Build.0 = Debug|Any CPU
		{3B688B0E-FFC6-44E4-B24A-33CD180CFD52}.Debug|iPhone.Deploy.0 = Debug|Any CPU
		{3B688B0E-FFC6-44E4-B24A-33CD180CFD52}.Debug|iPhoneSimulator.ActiveCfg = Debug|Any CPU
		{3B688B0E-FFC6-44E4-B24A-33CD180CFD52}.Debug|iPhoneSimulator.Build.0 = Debug|Any CPU
		{3B688B0E-FFC6-44E4-B24A-33CD180CFD52}.Debug|iPhoneSimulator.Deploy.0 = Debug|Any CPU
		{3B688B0E-FFC6-44E4-B24A-33CD180CFD52}.Release|Any CPU.ActiveCfg = Release|Any CPU
		{3B688B0E-FFC6-44E4-B24A-33CD180CFD52}.Release|Any CPU.Build.0 = Release|Any CPU
		{3B688B0E-FFC6-44E4-B24A-33CD180CFD52}.Release|Any CPU.Deploy.0 = Release|Any CPU
		{3B688B0E-FFC6-44E4-B24A-33CD180CFD52}.Release|iPhone.ActiveCfg = Release|Any CPU
		{3B688B0E-FFC6-44E4-B24A-33CD180CFD52}.Release|iPhone.Build.0 = Release|Any CPU
		{3B688B0E-FFC6-44E4-B24A-33CD180CFD52}.Release|iPhone.Deploy.0 = Release|Any CPU
		{3B688B0E-FFC6-44E4-B24A-33CD180CFD52}.Release|iPhoneSimulator.ActiveCfg = Release|Any CPU
		{3B688B0E-FFC6-44E4-B24A-33CD180CFD52}.Release|iPhoneSimulator.Build.0 = Release|Any CPU
		{3B688B0E-FFC6-44E4-B24A-33CD180CFD52}.Release|iPhoneSimulator.Deploy.0 = Release|Any CPU
	EndGlobalSection
	GlobalSection(SolutionProperties) = preSolution
		HideSolutionNode = FALSE
	EndGlobalSection
	GlobalSection(ExtensibilityGlobals) = postSolution
		SolutionGuid = {45FFB66D-9523-40CF-A43C-7A93B904BCB9}
	EndGlobalSection
EndGlobal
